<?xml version="1.0" encoding="utf-8"?>
<Project ToolsVersion="4.0" xmlns="http://schemas.microsoft.com/developer/msbuild/2003">
  <ItemGroup>
    <Filter Include="Source Files">
      <UniqueIdentifier>{4FC737F1-C7A5-4376-A066-2A32D752A2FF}</UniqueIdentifier>
      <Extensions>cpp;c;cc;cxx;def;odl;idl;hpj;bat;asm;asmx</Extensions>
    </Filter>
    <Filter Include="Header Files">
      <UniqueIdentifier>{93995380-89BD-4b04-88EB-625FBE52EBFB}</UniqueIdentifier>
      <Extensions>h;hpp;hxx;hm;inl;inc;xsd</Extensions>
    </Filter>
    <Filter Include="Resource Files">
      <UniqueIdentifier>{67DA6AB6-F800-4c08-8B7A-83BB121AAD01}</UniqueIdentifier>
      <Extensions>rc;ico;cur;bmp;dlg;rc2;rct;bin;rgs;gif;jpg;jpeg;jpe;resx;tiff;tif;png;wav</Extensions>
    </Filter>
    <Filter Include="Source Files\objects">
      <UniqueIdentifier>{7fc428d0-a825-40e4-90aa-a99dffdd25ce}</UniqueIdentifier>
    </Filter>
    <Filter Include="Source Files\scenes">
      <UniqueIdentifier>{42352954-5211-4db8-8b25-f2243aa404ca}</UniqueIdentifier>
    </Filter>
    <Filter Include="Source Files\models">
      <UniqueIdentifier>{8f217d60-9a12-4f0a-a03f-e049df3c8d68}</UniqueIdentifier>
    </Filter>
    <Filter Include="Source Files\geometry">
      <UniqueIdentifier>{1a469e79-fe7e-4cdb-83f1-83701719a252}</UniqueIdentifier>
    </Filter>
  </ItemGroup>
  <ItemGroup>
    <ClCompile Include="Asteroids\main.cpp">
      <Filter>Source Files</Filter>
    </ClCompile>
    <ClCompile Include="Asteroids\scene.cpp">
      <Filter>Source Files</Filter>
    </ClCompile>
    <ClCompile Include="Asteroids\shader.cpp">
      <Filter>Source Files</Filter>
    </ClCompile>
    <ClCompile Include="Asteroids\utils.cpp">
      <Filter>Source Files</Filter>
    </ClCompile>
    <ClCompile Include="Asteroids\asteroid.cpp">
      <Filter>Source Files\objects</Filter>
    </ClCompile>
    <ClCompile Include="Asteroids\bullet.cpp">
      <Filter>Source Files\objects</Filter>
    </ClCompile>
    <ClCompile Include="Asteroids\default_scene.cpp">
      <Filter>Source Files\scenes</Filter>
    </ClCompile>
    <ClCompile Include="Asteroids\destroyer.cpp">
      <Filter>Source Files\objects</Filter>
    </ClCompile>
    <ClCompile Include="Asteroids\Edge.cpp">
      <Filter>Source Files\geometry</Filter>
    </ClCompile>
    <ClCompile Include="Asteroids\Face.cpp">
      <Filter>Source Files\geometry</Filter>
    </ClCompile>
    <ClCompile Include="Asteroids\Mesh.cpp">
      <Filter>Source Files\geometry</Filter>
    </ClCompile>
    <ClCompile Include="Asteroids\model.cpp">
      <Filter>Source Files\models</Filter>
    </ClCompile>
    <ClCompile Include="Asteroids\icosahedron.cpp">
      <Filter>Source Files\models</Filter>
    </ClCompile>
    <ClCompile Include="Asteroids\object.cpp">
      <Filter>Source Files\objects</Filter>
    </ClCompile>
    <ClCompile Include="Asteroids\rock.cpp">
      <Filter>Source Files\models</Filter>
    </ClCompile>
    <ClCompile Include="Asteroids\ship.cpp">
      <Filter>Source Files\models</Filter>
    </ClCompile>
    <ClCompile Include="Asteroids\Vertex.cpp">
      <Filter>Source Files\geometry</Filter>
    </ClCompile>
    <ClCompile Include="Asteroids\quad.cpp">
      <Filter>Source Files\models</Filter>
    </ClCompile>
    <ClCompile Include="Asteroids\texture.cpp">
      <Filter>Source Files</Filter>
    </ClCompile>
    <ClCompile Include="Asteroids\explosion.cpp">
      <Filter>Source Files\objects</Filter>
    </ClCompile>
    <ClCompile Include="Asteroids\scene_manager.cpp">
      <Filter>Source Files\scenes</Filter>
    </ClCompile>
    <ClCompile Include="Asteroids\subdivision.cpp">
      <Filter>Source Files\geometry</Filter>
    </ClCompile>
    <ClCompile Include="Asteroids\content.cpp">
      <Filter>Source Files</Filter>
    </ClCompile>
    <ClCompile Include="Asteroids\life_counter.cpp">
      <Filter>Source Files\objects</Filter>
    </ClCompile>
    <ClCompile Include="Asteroids\alien.cpp">
      <Filter>Source Files\objects</Filter>
    </ClCompile>
    <ClCompile Include="Asteroids\background.cpp">
      <Filter>Source Files\objects</Filter>
    </ClCompile>
    <ClCompile Include="Asteroids\spritefont.cpp">
      <Filter>Source Files</Filter>
    </ClCompile>
    <ClCompile Include="Asteroids\score_board.cpp">
      <Filter>Source Files\objects</Filter>
    </ClCompile>
  </ItemGroup>
  <ItemGroup>
    <ClInclude Include="Asteroids\event.h">
      <Filter>Header Files</Filter>
    </ClInclude>
    <ClInclude Include="Asteroids\geometry.h">
      <Filter>Header Files</Filter>
    </ClInclude>
    <ClInclude Include="Asteroids\headers.h">
      <Filter>Header Files</Filter>
    </ClInclude>
    <ClInclude Include="Asteroids\input.h">
      <Filter>Header Files</Filter>
    </ClInclude>
    <ClInclude Include="Asteroids\utils.h">
      <Filter>Header Files</Filter>
    </ClInclude>
    <ClInclude Include="Asteroids\timer.h">
      <Filter>Header Files</Filter>
    </ClInclude>
    <ClInclude Include="Asteroids\shader.h">
      <Filter>Header Files</Filter>
    </ClInclude>
    <ClInclude Include="Asteroids\scene.h">
      <Filter>Header Files</Filter>
    </ClInclude>
    <ClInclude Include="Asteroids\object.h">
      <Filter>Header Files</Filter>
    </ClInclude>
    <ClInclude Include="Asteroids\model.h">
      <Filter>Header Files</Filter>
    </ClInclude>
    <ClInclude Include="Asteroids\menu.h">
      <Filter>Header Files</Filter>
    </ClInclude>
    <ClInclude Include="Asteroids\texture.h">
      <Filter>Header Files</Filter>
    </ClInclude>
    <ClInclude Include="Asteroids\primitives.h">
      <Filter>Header Files</Filter>
    </ClInclude>
    <ClInclude Include="Asteroids\particles.h">
      <Filter>Header Files</Filter>
    </ClInclude>
    <ClInclude Include="Asteroids\content.h">
      <Filter>Header Files</Filter>
    </ClInclude>
    <ClInclude Include="Asteroids\glyph.h">
      <Filter>Header Files</Filter>
    </ClInclude>
  </ItemGroup>
  <ItemGroup>
    <None Include="resources\shader.frag">
      <Filter>Resource Files</Filter>
    </None>
    <None Include="resources\shader.vert">
      <Filter>Resource Files</Filter>
    </None>
    <None Include="resources\explosion.vert">
      <Filter>Resource Files</Filter>
    </None>
    <None Include="resources\color.frag">
      <Filter>Resource Files</Filter>
    </None>
    <None Include="resources\texture.vert">
      <Filter>Resource Files</Filter>
    </None>
    <None Include="resources\texture.frag">
      <Filter>Resource Files</Filter>
    </None>
  </ItemGroup>
</Project>